
Microsoft Visual Studio Solution File, Format Version 12.00
# Visual Studio Version 17
VisualStudioVersion = 17.7.34031.279
MinimumVisualStudioVersion = 10.0.40219.1
Project("{FAE04EC0-301F-11D3-BF4B-00C04F79EFBC}") = "RMS", "RMS.csproj", "{AB8306D3-4993-4604-A023-2AB91FA70837}"
EndProject
Global
	GlobalSection(SolutionConfigurationPlatforms) = preSolution
		Debug|Any CPU = Debug|Any CPU
		Release|Any CPU = Release|Any CPU
	EndGlobalSection
	GlobalSection(ProjectConfigurationPlatforms) = postSolution
		{AB8306D3-4993-4604-A023-2AB91FA70837}.Debug|Any CPU.ActiveCfg = Debug|Any CPU
		{AB8306D3-4993-4604-A023-2AB91FA70837}.Debug|Any CPU.Build.0 = Debug|Any CPU
		{AB8306D3-4993-4604-A023-2AB91FA70837}.Release|Any CPU.ActiveCfg = Release|Any CPU
		{AB8306D3-4993-4604-A023-2AB91FA70837}.Release|Any CPU.Build.0 = Release|Any CPU
	EndGlobalSection
	GlobalSection(SolutionProperties) = preSolution
		HideSolutionNode = FALSE
	EndGlobalSection
	GlobalSection(ExtensibilityGlobals) = postSolution
		SolutionGuid = {F9C4C632-AC2C-4276-BBA6-7B7BED58768B}
	EndGlobalSection
EndGlobal
